<?xml version="1.0" encoding="utf-8"?>
<Project ToolsVersion="4.0" xmlns="http://schemas.microsoft.com/developer/msbuild/2003">
  <ItemGroup>
    <Filter Include="Source Files">
      <UniqueIdentifier>{6638f469-4bcf-47db-869b-4c6fd8bc5079}</UniqueIdentifier>
      <Extensions>cpp;c;cxx;rc;def;r;odl;idl;hpj;bat</Extensions>
    </Filter>
    <Filter Include="Header Files">
      <UniqueIdentifier>{d4a02449-19f9-4530-9da3-8e1e29729148}</UniqueIdentifier>
      <Extensions>h;hpp;hxx;hm;inl</Extensions>
    </Filter>
    <Filter Include="Resource Files">
      <UniqueIdentifier>{a0f49e2e-4714-4660-ab4f-c46e5c2e7d2a}</UniqueIdentifier>
      <Extensions>ico;cur;bmp;dlg;rc2;rct;bin;rgs;gif;jpg;jpeg;jpe</Extensions>
    </Filter>
  </ItemGroup>
  <ItemGroup>
    <ClCompile Include="fileCrawler.cpp">
      <Filter>Source Files</Filter>
    </ClCompile>
    <ClCompile Include="mstring.cpp">
      <Filter>Source Files</Filter>
    </ClCompile>
    <ClCompile Include="SH2_Loader.cpp">
      <Filter>Source Files</Filter>
    </ClCompile>
    <ClCompile Include="SH2_Model.cpp">
      <Filter>Source Files</Filter>
    </ClCompile>
    <ClCompile Include="SH3_ArcFilenames.cpp">
      <Filter>Source Files</Filter>
    </ClCompile>
    <ClCompile Include="SH3_Loader.cpp">
      <Filter>Source Files</Filter>
    </ClCompile>
    <ClCompile Include="SH4_Loader.cpp">
      <Filter>Source Files</Filter>
    </ClCompile>
    <ClCompile Include="SH_Collision.cpp">
      <Filter>Source Files</Filter>
    </ClCompile>
    <ClCompile Include="SH_initial_loader.cpp">
      <Filter>Source Files</Filter>
    </ClCompile>
    <ClCompile Include="SH_Model_Anim.cpp">
      <Filter>Source Files</Filter>
    </ClCompile>
    <ClCompile Include="SH_Msg.cpp">
      <Filter>Source Files</Filter>
    </ClCompile>
    <ClCompile Include="strParse.cpp">
      <Filter>Source Files</Filter>
    </ClCompile>
    <ClCompile Include="utils.cpp">
      <Filter>Source Files</Filter>
    </ClCompile>
    <ClCompile Include="Camera.cpp">
      <Filter>Source Files</Filter>
    </ClCompile>
    <ClCompile Include="mathlib.cpp">
      <Filter>Source Files</Filter>
    </ClCompile>
    <ClCompile Include="mathOpts.cpp">
      <Filter>Source Files</Filter>
    </ClCompile>
    <ClCompile Include="matrix.cpp">
      <Filter>Source Files</Filter>
    </ClCompile>
    <ClCompile Include="OBJ_Exporter.cpp">
      <Filter>Source Files</Filter>
    </ClCompile>
    <ClCompile Include="plane.cpp">
      <Filter>Source Files</Filter>
    </ClCompile>
    <ClCompile Include="PerPixelLighting.cpp">
      <Filter>Source Files</Filter>
    </ClCompile>
    <ClCompile Include="quat.cpp">
      <Filter>Source Files</Filter>
    </ClCompile>
    <ClCompile Include="Renderer.cpp">
      <Filter>Source Files</Filter>
    </ClCompile>
    <ClCompile Include="RenderObjs.cpp">
      <Filter>Source Files</Filter>
    </ClCompile>
    <ClCompile Include="RVertex.cpp">
      <Filter>Source Files</Filter>
    </ClCompile>
    <ClCompile Include="StdAfx.cpp">
      <Filter>Source Files</Filter>
    </ClCompile>
    <ClCompile Include="tgaload.cpp">
      <Filter>Source Files</Filter>
    </ClCompile>
    <ClCompile Include="vertex.cpp">
      <Filter>Source Files</Filter>
    </ClCompile>
    <ClCompile Include="SMD_Animation_Frame.cpp">
      <Filter>Source Files</Filter>
    </ClCompile>
    <ClCompile Include="SMD_Model.cpp">
      <Filter>Source Files</Filter>
    </ClCompile>
    <ClCompile Include="SMD_Triangle.cpp">
      <Filter>Source Files</Filter>
    </ClCompile>
    <ClCompile Include="SMD_Vertex.cpp">
      <Filter>Source Files</Filter>
    </ClCompile>
    <ClCompile Include="external\glad\src\gl.c">
      <Filter>Source Files</Filter>
    </ClCompile>
    <ClCompile Include="external\glad\src\wgl.c">
      <Filter>Source Files</Filter>
    </ClCompile>
  </ItemGroup>
  <ItemGroup>
    <ClInclude Include="debugDrawing.h">
      <Filter>Header Files</Filter>
    </ClInclude>
    <ClInclude Include="fileCrawler.h">
      <Filter>Header Files</Filter>
    </ClInclude>
    <ClInclude Include="mstring.h">
      <Filter>Header Files</Filter>
    </ClInclude>
    <ClInclude Include="mvector.h">
      <Filter>Header Files</Filter>
    </ClInclude>
    <ClInclude Include="SH2_Loader.h">
      <Filter>Header Files</Filter>
    </ClInclude>
    <ClInclude Include="SH2_Model.h">
      <Filter>Header Files</Filter>
    </ClInclude>
    <ClInclude Include="SH3_ArcFilenames.h">
      <Filter>Header Files</Filter>
    </ClInclude>
    <ClInclude Include="SH3_Loader.h">
      <Filter>Header Files</Filter>
    </ClInclude>
    <ClInclude Include="SH3_Mod.h">
      <Filter>Header Files</Filter>
    </ClInclude>
    <ClInclude Include="SH4_Loader.h">
      <Filter>Header Files</Filter>
    </ClInclude>
    <ClInclude Include="SH_Collision.h">
      <Filter>Header Files</Filter>
    </ClInclude>
    <ClInclude Include="SH_Model_Anim.h">
      <Filter>Header Files</Filter>
    </ClInclude>
    <ClInclude Include="SH_Msg.h">
      <Filter>Header Files</Filter>
    </ClInclude>
    <ClInclude Include="strParse.h">
      <Filter>Header Files</Filter>
    </ClInclude>
    <ClInclude Include="utils.h">
      <Filter>Header Files</Filter>
    </ClInclude>
    <ClInclude Include="Camera.h">
      <Filter>Header Files</Filter>
    </ClInclude>
    <ClInclude Include="IBaseTypes.h">
      <Filter>Header Files</Filter>
    </ClInclude>
    <ClInclude Include="mathlib.h">
      <Filter>Header Files</Filter>
    </ClInclude>
    <ClInclude Include="mathOpts.h">
      <Filter>Header Files</Filter>
    </ClInclude>
    <ClInclude Include="matrix.h">
      <Filter>Header Files</Filter>
    </ClInclude>
    <ClInclude Include="OBJ_Exporter.h">
      <Filter>Header Files</Filter>
    </ClInclude>
    <ClInclude Include="PerPixelLighting.h">
      <Filter>Header Files</Filter>
    </ClInclude>
    <ClInclude Include="plane.h">
      <Filter>Header Files</Filter>
    </ClInclude>
    <ClInclude Include="quat.h">
      <Filter>Header Files</Filter>
    </ClInclude>
    <ClInclude Include="Renderer.h">
      <Filter>Header Files</Filter>
    </ClInclude>
    <ClInclude Include="RenderObjs.h">
      <Filter>Header Files</Filter>
    </ClInclude>
    <ClInclude Include="RVertex.h">
      <Filter>Header Files</Filter>
    </ClInclude>
    <ClInclude Include="StdAfx.h">
      <Filter>Header Files</Filter>
    </ClInclude>
    <ClInclude Include="tgaload.h">
      <Filter>Header Files</Filter>
    </ClInclude>
    <ClInclude Include="typedefs.h">
      <Filter>Header Files</Filter>
    </ClInclude>
    <ClInclude Include="vertex.h">
      <Filter>Header Files</Filter>
    </ClInclude>
    <ClInclude Include="SMD_Animation_Frame.h">
      <Filter>Header Files</Filter>
    </ClInclude>
    <ClInclude Include="SMD_Model.h">
      <Filter>Header Files</Filter>
    </ClInclude>
    <ClInclude Include="SMD_Triangle.h">
      <Filter>Header Files</Filter>
    </ClInclude>
    <ClInclude Include="SMD_Vertex.h">
      <Filter>Header Files</Filter>
    </ClInclude>
  </ItemGroup>
  <ItemGroup>
    <Image Include="fontTest.bmp">
      <Filter>Resource Files</Filter>
    </Image>
  </ItemGroup>
</Project>